<?xml version="1.0" encoding="utf-8"?>
<Project ToolsVersion="4.0" xmlns="http://schemas.microsoft.com/developer/msbuild/2003">
  <ItemGroup>
    <Filter Include="Source files">
      <UniqueIdentifier>{e943ab5a-7563-49b2-8996-1dac18e08a2e}</UniqueIdentifier>
      <Extensions>cpp;c;cc;cxx;def;odl;idl;hpj;bat;asm;asmx</Extensions>
    </Filter>
    <Filter Include="Header files">
      <UniqueIdentifier>{04d545f5-b4a8-4a8e-8269-da8d4f65471a}</UniqueIdentifier>
      <Extensions>h;hpp;hxx;hm;inl;inc;xsd</Extensions>
    </Filter>
    <Filter Include="Resource files">
      <UniqueIdentifier>{57d518ab-72d9-4afb-9e8c-961c88de848e}</UniqueIdentifier>
      <Extensions>rc;ico;cur;bmp;dlg;rc2;rct;bin;rgs;gif;jpg;jpeg;jpe;resx;tiff;tif;png;wav</Extensions>
    </Filter>
    <Filter Include="VisualGDB settings">
      <UniqueIdentifier>{185db035-e457-43a2-a95b-a546c8a61bc3}</UniqueIdentifier>
    </Filter>
    <Filter Include="Assembly">
      <UniqueIdentifier>{da513047-a387-4a22-a64b-026ab31f87ac}</UniqueIdentifier>
    </Filter>
    <Filter Include="src">
      <UniqueIdentifier>{afe1ec83-3e88-4ec9-818a-31e13cb4b05a}</UniqueIdentifier>
    </Filter>
  </ItemGroup>
  <ItemGroup>
    <None Include="myOS-Debug.vgdbsettings">
      <Filter>VisualGDB settings</Filter>
    </None>
    <None Include="myOS-Release.vgdbsettings">
      <Filter>VisualGDB settings</Filter>
    </None>
    <None Include="..\..\src\boot.s">
      <Filter>Assembly</Filter>
    </None>
    <None Include="..\..\src\common64.s">
      <Filter>Assembly</Filter>
    </None>
    <None Include="..\..\src\crti.s">
      <Filter>Assembly</Filter>
    </None>
    <None Include="..\..\src\crtn.s">
      <Filter>Assembly</Filter>
    </None>
    <None Include="..\..\src\interrupts.s">
      <Filter>Assembly</Filter>
    </None>
    <None Include="..\..\Makefile" />
    <None Include="..\..\src\Makefile">
      <Filter>src</Filter>
    </None>
  </ItemGroup>
  <ItemGroup>
    <ClCompile Include="..\..\src\ata.cpp">
      <Filter>Source files</Filter>
    </ClCompile>
    <ClCompile Include="..\..\src\cmain.cpp">
      <Filter>Source files</Filter>
    </ClCompile>
    <ClCompile Include="..\..\src\cpu_exceptions.cpp">
      <Filter>Source files</Filter>
    </ClCompile>
    <ClCompile Include="..\..\src\cpuinfo.cpp">
      <Filter>Source files</Filter>
    </ClCompile>
    <ClCompile Include="..\..\src\elf.cpp">
      <Filter>Source files</Filter>
    </ClCompile>
    <ClCompile Include="..\..\src\elf32.cpp">
      <Filter>Source files</Filter>
    </ClCompile>
    <ClCompile Include="..\..\src\elf64.cpp">
      <Filter>Source files</Filter>
    </ClCompile>
    <ClCompile Include="..\..\src\fat.cpp">
      <Filter>Source files</Filter>
    </ClCompile>
    <ClCompile Include="..\..\src\Foobar.cpp">
      <Filter>Source files</Filter>
    </ClCompile>
    <ClCompile Include="..\..\src\idt64.cpp">
      <Filter>Source files</Filter>
    </ClCompile>
    <ClCompile Include="..\..\src\isr.cpp">
      <Filter>Source files</Filter>
    </ClCompile>
    <ClCompile Include="..\..\src\kheap.cpp">
      <Filter>Source files</Filter>
    </ClCompile>
    <ClCompile Include="..\..\src\kmain64.cpp">
      <Filter>Source files</Filter>
    </ClCompile>
    <ClCompile Include="..\..\src\kmalloc.cpp">
      <Filter>Source files</Filter>
    </ClCompile>
    <ClCompile Include="..\..\src\memcpy.cpp">
      <Filter>Source files</Filter>
    </ClCompile>
    <ClCompile Include="..\..\src\memset.cpp">
      <Filter>Source files</Filter>
    </ClCompile>
    <ClCompile Include="..\..\src\multibootheader.cpp">
      <Filter>Source files</Filter>
    </ClCompile>
    <ClCompile Include="..\..\src\new.cpp">
      <Filter>Source files</Filter>
    </ClCompile>
    <ClCompile Include="..\..\src\panic.cpp">
      <Filter>Source files</Filter>
    </ClCompile>
    <ClCompile Include="..\..\src\pcSpeaker.cpp">
      <Filter>Source files</Filter>
    </ClCompile>
    <ClCompile Include="..\..\src\placement_address.cpp">
      <Filter>Source files</Filter>
    </ClCompile>
    <ClCompile Include="..\..\src\rtc.cpp">
      <Filter>Source files</Filter>
    </ClCompile>
    <ClCompile Include="..\..\src\runtime_init.cpp">
      <Filter>Source files</Filter>
    </ClCompile>
    <ClCompile Include="..\..\src\serial.cpp">
      <Filter>Source files</Filter>
    </ClCompile>
    <ClCompile Include="..\..\src\strlen.cpp">
      <Filter>Source files</Filter>
    </ClCompile>
    <ClCompile Include="..\..\src\TextFrameBuffer.cpp">
      <Filter>Source files</Filter>
    </ClCompile>
    <ClCompile Include="..\..\src\timer.cpp">
      <Filter>Source files</Filter>
    </ClCompile>
    <ClCompile Include="..\..\src\vesavga.cpp">
      <Filter>Source files</Filter>
    </ClCompile>
    <ClCompile Include="..\..\src\vsprintf.cpp">
      <Filter>Source files</Filter>
    </ClCompile>
  </ItemGroup>
  <ItemGroup>
    <ClInclude Include="..\..\src\ata.h">
      <Filter>Header files</Filter>
    </ClInclude>
    <ClInclude Include="..\..\src\BootInformation.h">
      <Filter>Header files</Filter>
    </ClInclude>
    <ClInclude Include="..\..\src\common.h">
      <Filter>Header files</Filter>
    </ClInclude>
    <ClInclude Include="..\..\src\console.h">
      <Filter>Header files</Filter>
    </ClInclude>
    <ClInclude Include="..\..\src\cpuinfo.h">
      <Filter>Header files</Filter>
    </ClInclude>
    <ClInclude Include="..\..\src\descriptor_tables.h">
      <Filter>Header files</Filter>
    </ClInclude>
    <ClInclude Include="..\..\src\fat.h">
      <Filter>Header files</Filter>
    </ClInclude>
    <ClInclude Include="..\..\src\Foobar.h">
      <Filter>Header files</Filter>
    </ClInclude>
    <ClInclude Include="..\..\src\Frames.h">
      <Filter>Header files</Filter>
    </ClInclude>
    <ClInclude Include="..\..\src\isr.h">
      <Filter>Header files</Filter>
    </ClInclude>
    <ClInclude Include="..\..\src\kernel.h">
      <Filter>Header files</Filter>
    </ClInclude>
    <ClInclude Include="..\..\src\kheap.h">
      <Filter>Header files</Filter>
    </ClInclude>
    <ClInclude Include="..\..\src\kmalloc.h">
      <Filter>Header files</Filter>
    </ClInclude>
    <ClInclude Include="..\..\src\mbr.h">
      <Filter>Header files</Filter>
    </ClInclude>
    <ClInclude Include="..\..\src\memcpy.h">
      <Filter>Header files</Filter>
    </ClInclude>
    <ClInclude Include="..\..\src\multiboot2.h">
      <Filter>Header files</Filter>
    </ClInclude>
    <ClInclude Include="..\..\src\MultiBootInfoHeader.h">
      <Filter>Header files</Filter>
    </ClInclude>
    <ClInclude Include="..\..\src\new.h">
      <Filter>Header files</Filter>
    </ClInclude>
    <ClInclude Include="..\..\src\NewObj.h">
      <Filter>Header files</Filter>
    </ClInclude>
    <ClInclude Include="..\..\src\ordered_array.h">
      <Filter>Header files</Filter>
    </ClInclude>
    <ClInclude Include="..\..\src\PageDirectory.h">
      <Filter>Header files</Filter>
    </ClInclude>
    <ClInclude Include="..\..\src\PageT.h">
      <Filter>Header files</Filter>
    </ClInclude>
    <ClInclude Include="..\..\src\rtc.h">
      <Filter>Header files</Filter>
    </ClInclude>
    <ClInclude Include="..\..\src\serial.h">
      <Filter>Header files</Filter>
    </ClInclude>
    <ClInclude Include="..\..\src\TextFrameBuffer.h">
      <Filter>Header files</Filter>
    </ClInclude>
    <ClInclude Include="..\..\src\timer.h">
      <Filter>Header files</Filter>
    </ClInclude>
    <ClInclude Include="..\..\src\vesavga.h">
      <Filter>Header files</Filter>
    </ClInclude>
    <ClInclude Include="..\..\src\vfs.h">
      <Filter>Header files</Filter>
    </ClInclude>
  </ItemGroup>
</Project>